
Microsoft Visual Studio Solution File, Format Version 12.00
# Visual Studio Version 17
VisualStudioVersion = 17.3.32901.215
MinimumVisualStudioVersion = 10.0.40219.1
Project("{FAE04EC0-301F-11D3-BF4B-00C04F79EFBC}") = "sınav3-826", "sınav3-826\sınav3-826.csproj", "{AB5398D9-2DF5-48AE-9358-1B6066A2BE5C}"
EndProject
Global
	GlobalSection(SolutionConfigurationPlatforms) = preSolution
		Debug|Any CPU = Debug|Any CPU
		Release|Any CPU = Release|Any CPU
	EndGlobalSection
	GlobalSection(ProjectConfigurationPlatforms) = postSolution
		{AB5398D9-2DF5-48AE-9358-1B6066A2BE5C}.Debug|Any CPU.ActiveCfg = Debug|Any CPU
		{AB5398D9-2DF5-48AE-9358-1B6066A2BE5C}.Debug|Any CPU.Build.0 = Debug|Any CPU
		{AB5398D9-2DF5-48AE-9358-1B6066A2BE5C}.Release|Any CPU.ActiveCfg = Release|Any CPU
		{AB5398D9-2DF5-48AE-9358-1B6066A2BE5C}.Release|Any CPU.Build.0 = Release|Any CPU
	EndGlobalSection
	GlobalSection(SolutionProperties) = preSolution
		HideSolutionNode = FALSE
	EndGlobalSection
	GlobalSection(ExtensibilityGlobals) = postSolution
		SolutionGuid = {E35AD59B-C3F0-488A-9397-7AD75BDCFD90}
	EndGlobalSection
EndGlobal
